
Microsoft Visual Studio Solution File, Format Version 12.00
# Visual Studio 14
VisualStudioVersion = 14.0.25420.1
MinimumVisualStudioVersion = 10.0.40219.1
Project("{FAE04EC0-301F-11D3-BF4B-00C04F79EFBC}") = "Laba1", "Laba1\Laba1.csproj", "{44950ED1-6745-4CBD-8146-C6A93DF11837}"
EndProject
Project("{FAE04EC0-301F-11D3-BF4B-00C04F79EFBC}") = "ConsoleApplication1", "ConsoleApplication1\ConsoleApplication1.csproj", "{1FF36258-8375-43B9-8504-15F8F6CD9C64}"
EndProject
Global
	GlobalSection(SolutionConfigurationPlatforms) = preSolution
		Debug|Any CPU = Debug|Any CPU
		Release|Any CPU = Release|Any CPU
	EndGlobalSection
	GlobalSection(ProjectConfigurationPlatforms) = postSolution
		{44950ED1-6745-4CBD-8146-C6A93DF11837}.Debug|Any CPU.ActiveCfg = Debug|Any CPU
		{44950ED1-6745-4CBD-8146-C6A93DF11837}.Debug|Any CPU.Build.0 = Debug|Any CPU
		{44950ED1-6745-4CBD-8146-C6A93DF11837}.Release|Any CPU.ActiveCfg = Release|Any CPU
		{44950ED1-6745-4CBD-8146-C6A93DF11837}.Release|Any CPU.Build.0 = Release|Any CPU
		{1FF36258-8375-43B9-8504-15F8F6CD9C64}.Debug|Any CPU.ActiveCfg = Debug|Any CPU
		{1FF36258-8375-43B9-8504-15F8F6CD9C64}.Debug|Any CPU.Build.0 = Debug|Any CPU
		{1FF36258-8375-43B9-8504-15F8F6CD9C64}.Release|Any CPU.ActiveCfg = Release|Any CPU
		{1FF36258-8375-43B9-8504-15F8F6CD9C64}.Release|Any CPU.Build.0 = Release|Any CPU
	EndGlobalSection
	GlobalSection(SolutionProperties) = preSolution
		HideSolutionNode = FALSE
	EndGlobalSection
EndGlobal
